
Microsoft Visual Studio Solution File, Format Version 12.00
# Visual Studio Version 17
VisualStudioVersion = 17.1.32328.378
MinimumVisualStudioVersion = 10.0.40219.1
Project("{FAE04EC0-301F-11D3-BF4B-00C04F79EFBC}") = "MoodAnalyzer", "MoodAnalyzer.csproj", "{36F0CA34-0020-41C1-8FFE-FEB004E17634}"
EndProject
Global
	GlobalSection(SolutionConfigurationPlatforms) = preSolution
		Debug|Any CPU = Debug|Any CPU
		Release|Any CPU = Release|Any CPU
	EndGlobalSection
	GlobalSection(ProjectConfigurationPlatforms) = postSolution
		{36F0CA34-0020-41C1-8FFE-FEB004E17634}.Debug|Any CPU.ActiveCfg = Debug|Any CPU
		{36F0CA34-0020-41C1-8FFE-FEB004E17634}.Debug|Any CPU.Build.0 = Debug|Any CPU
		{36F0CA34-0020-41C1-8FFE-FEB004E17634}.Release|Any CPU.ActiveCfg = Release|Any CPU
		{36F0CA34-0020-41C1-8FFE-FEB004E17634}.Release|Any CPU.Build.0 = Release|Any CPU
	EndGlobalSection
	GlobalSection(SolutionProperties) = preSolution
		HideSolutionNode = FALSE
	EndGlobalSection
	GlobalSection(ExtensibilityGlobals) = postSolution
		SolutionGuid = {09F78430-6010-4129-90D2-71F2FA989C6E}
	EndGlobalSection
EndGlobal
